lockfileVersion: '9.0'

settings:
  autoInstallPeers: true
  excludeLinksFromLockfile: false

importers:

  .:
    dependencies:
      '@modelcontextprotocol/sdk':
        specifier: 0.6.0
        version: 0.6.0
      tree-sitter-go:
        specifier: ^0.23.4
        version: 0.23.4
      tree-sitter-java:
        specifier: ^0.23.5
        version: 0.23.5
      tree-sitter-javascript:
        specifier: ^0.23.1
        version: 0.23.1
      tree-sitter-python:
        specifier: ^0.23.6
        version: 0.23.6
      tree-sitter-typescript:
        specifier: ^0.23.2
        version: 0.23.2
      web-tree-sitter:
        specifier: ^0.25.6
        version: 0.25.6
    devDependencies:
      '@types/node':
        specifier: ^20.11.24
        version: 20.19.0
      typescript:
        specifier: ^5.3.3
        version: 5.8.3

packages:

  '@modelcontextprotocol/sdk@0.6.0':
    resolution: {integrity: sha512-9rsDudGhDtMbvxohPoMMyAUOmEzQsOK+XFchh6gZGqo8sx9sBuZQs+CUttXqa8RZXKDaJRCN2tUtgGof7jRkkw==}

  '@types/node@20.19.0':
    resolution: {integrity: sha512-hfrc+1tud1xcdVTABC2JiomZJEklMcXYNTVtZLAeqTVWD+qL5jkHKT+1lOtqDdGxt+mB53DTtiz673vfjU8D1Q==}

  bytes@3.1.2:
    resolution: {integrity: sha512-/Nf7TyzTx6S3yRJObOAV7956r8cr2+Oj8AC5dt8wSP3BQAoeX58NoHyCU8P8zGkNXStjTSi6fzO6F0pBdcYbEg==}
    engines: {node: '>= 0.8'}

  content-type@1.0.5:
    resolution: {integrity: sha512-nTjqfcBFEipKdXCv4YDQWCfmcLZKm81ldF0pAopTvyrFGVbcR6P/VAAd5G7N+0tTr8QqiU0tFadD6FK4NtJwOA==}
    engines: {node: '>= 0.6'}

  depd@2.0.0:
    resolution: {integrity: sha512-g7nH6P6dyDioJogAAGprGpCtVImJhpPk/roCzdb3fIh61/s/nPsfR6onyMwkCAR/OlC3yBC0lESvUoQEAssIrw==}
    engines: {node: '>= 0.8'}

  http-errors@2.0.0:
    resolution: {integrity: sha512-FtwrG/euBzaEjYeRqOgly7G0qviiXoJWnvEH2Z1plBdXgbyjv34pHTSb9zoeHMyDy33+DWy5Wt9Wo+TURtOYSQ==}
    engines: {node: '>= 0.8'}

  iconv-lite@0.6.3:
    resolution: {integrity: sha512-4fCk79wshMdzMp2rH06qWrJE4iolqLhCUH+OiuIgU++RB0+94NlDL81atO7GX55uUKueo0txHNtvEyI6D7WdMw==}
    engines: {node: '>=0.10.0'}

  inherits@2.0.4:
    resolution: {integrity: sha512-k/vGaX4/Yla3WzyMCvTQOXYeIHvqOKtnqBduzTHpzpQZzAskKMhZ2K+EnBiSM9zGSoIFeMpXKxa4dYeZIQqewQ==}

  node-addon-api@8.3.1:
    resolution: {integrity: sha512-lytcDEdxKjGJPTLEfW4mYMigRezMlyJY8W4wxJK8zE533Jlb8L8dRuObJFWg2P+AuOIxoCgKF+2Oq4d4Zd0OUA==}
    engines: {node: ^18 || ^20 || >= 21}

  node-gyp-build@4.8.4:
    resolution: {integrity: sha512-LA4ZjwlnUblHVgq0oBF3Jl/6h/Nvs5fzBLwdEF4nuxnFdsfajde4WfxtJr3CaiH+F6ewcIB/q4jQ4UzPyid+CQ==}
    hasBin: true

  raw-body@3.0.0:
    resolution: {integrity: sha512-RmkhL8CAyCRPXCE28MMH0z2PNWQBNk2Q09ZdxM9IOOXwxwZbN+qbWaatPkdkWIKL2ZVDImrN/pK5HTRz2PcS4g==}
    engines: {node: '>= 0.8'}

  safer-buffer@2.1.2:
    resolution: {integrity: sha512-YZo3K82SD7Riyi0E1EQPojLz7kpepnSQI9IyPbHHg1XXXevb5dJI7tpyN2ADxGcQbHG7vcyRHk0cbwqcQriUtg==}

  setprototypeof@1.2.0:
    resolution: {integrity: sha512-E5LDX7Wrp85Kil5bhZv46j8jOeboKq5JMmYM3gVGdGH8xFpPWXUMsNrlODCrkoxMEeNi/XZIwuRvY4XNwYMJpw==}

  statuses@2.0.1:
    resolution: {integrity: sha512-RwNA9Z/7PrK06rYLIzFMlaF+l73iwpzsqRIFgbMLbTcLD6cOao82TaWefPXQvB2fOC4AjuYSEndS7N/mTCbkdQ==}
    engines: {node: '>= 0.8'}

  toidentifier@1.0.1:
    resolution: {integrity: sha512-o5sSPKEkg/DIQNmH43V0/uerLrpzVedkUh8tGNvaeXpfpuwjKenlSox/2O/BTlZUtEe+JG7s5YhEz608PlAHRA==}
    engines: {node: '>=0.6'}

  tree-sitter-go@0.23.4:
    resolution: {integrity: sha512-iQaHEs4yMa/hMo/ZCGqLfG61F0miinULU1fFh+GZreCRtKylFLtvn798ocCZjO2r/ungNZgAY1s1hPFyAwkc7w==}
    peerDependencies:
      tree-sitter: ^0.21.1
    peerDependenciesMeta:
      tree-sitter:
        optional: true

  tree-sitter-java@0.23.5:
    resolution: {integrity: sha512-Yju7oQ0Xx7GcUT01mUglPP+bYfvqjNCGdxqigTnew9nLGoII42PNVP3bHrYeMxswiCRM0yubWmN5qk+zsg0zMA==}
    peerDependencies:
      tree-sitter: ^0.21.1
    peerDependenciesMeta:
      tree-sitter:
        optional: true

  tree-sitter-javascript@0.23.1:
    resolution: {integrity: sha512-/bnhbrTD9frUYHQTiYnPcxyHORIw157ERBa6dqzaKxvR/x3PC4Yzd+D1pZIMS6zNg2v3a8BZ0oK7jHqsQo9fWA==}
    peerDependencies:
      tree-sitter: ^0.21.1
    peerDependenciesMeta:
      tree-sitter:
        optional: true

  tree-sitter-python@0.23.6:
    resolution: {integrity: sha512-yIM9z0oxKIxT7bAtPOhgoVl6gTXlmlIhue7liFT4oBPF/lha7Ha4dQBS82Av6hMMRZoVnFJI8M6mL+SwWoLD3A==}
    peerDependencies:
      tree-sitter: ^0.22.1
    peerDependenciesMeta:
      tree-sitter:
        optional: true

  tree-sitter-typescript@0.23.2:
    resolution: {integrity: sha512-e04JUUKxTT53/x3Uq1zIL45DoYKVfHH4CZqwgZhPg5qYROl5nQjV+85ruFzFGZxu+QeFVbRTPDRnqL9UbU4VeA==}
    peerDependencies:
      tree-sitter: ^0.21.0
    peerDependenciesMeta:
      tree-sitter:
        optional: true

  typescript@5.8.3:
    resolution: {integrity: sha512-p1diW6TqL9L07nNxvRMM7hMMw4c5XOo/1ibL4aAIGmSAt9slTE1Xgw5KWuof2uTOvCg9BY7ZRi+GaF+7sfgPeQ==}
    engines: {node: '>=14.17'}
    hasBin: true

  undici-types@6.21.0:
    resolution: {integrity: sha512-iwDZqg0QAGrg9Rav5H4n0M64c3mkR59cJ6wQp+7C4nI0gsmExaedaYLNO44eT4AtBBwjbTiGPMlt2Md0T9H9JQ==}

  unpipe@1.0.0:
    resolution: {integrity: sha512-pjy2bYhSsufwWlKwPc+l3cN7+wuJlK6uz0YdJEOlQDbl6jo/YlPi4mb8agUkVC8BF7V8NuzeyPNqRksA3hztKQ==}
    engines: {node: '>= 0.8'}

  web-tree-sitter@0.25.6:
    resolution: {integrity: sha512-WG+/YGbxw8r+rLlzzhV+OvgiOJCWdIpOucG3qBf3RCBFMkGDb1CanUi2BxCxjnkpzU3/hLWPT8VO5EKsMk9Fxg==}

  zod@3.25.56:
    resolution: {integrity: sha512-rd6eEF3BTNvQnR2e2wwolfTmUTnp70aUTqr0oaGbHifzC3BKJsoV+Gat8vxUMR1hwOKBs6El+qWehrHbCpW6SQ==}

snapshots:

  '@modelcontextprotocol/sdk@0.6.0':
    dependencies:
      content-type: 1.0.5
      raw-body: 3.0.0
      zod: 3.25.56

  '@types/node@20.19.0':
    dependencies:
      undici-types: 6.21.0

  bytes@3.1.2: {}

  content-type@1.0.5: {}

  depd@2.0.0: {}

  http-errors@2.0.0:
    dependencies:
      depd: 2.0.0
      inherits: 2.0.4
      setprototypeof: 1.2.0
      statuses: 2.0.1
      toidentifier: 1.0.1

  iconv-lite@0.6.3:
    dependencies:
      safer-buffer: 2.1.2

  inherits@2.0.4: {}

  node-addon-api@8.3.1: {}

  node-gyp-build@4.8.4: {}

  raw-body@3.0.0:
    dependencies:
      bytes: 3.1.2
      http-errors: 2.0.0
      iconv-lite: 0.6.3
      unpipe: 1.0.0

  safer-buffer@2.1.2: {}

  setprototypeof@1.2.0: {}

  statuses@2.0.1: {}

  toidentifier@1.0.1: {}

  tree-sitter-go@0.23.4:
    dependencies:
      node-addon-api: 8.3.1
      node-gyp-build: 4.8.4

  tree-sitter-java@0.23.5:
    dependencies:
      node-addon-api: 8.3.1
      node-gyp-build: 4.8.4

  tree-sitter-javascript@0.23.1:
    dependencies:
      node-addon-api: 8.3.1
      node-gyp-build: 4.8.4

  tree-sitter-python@0.23.6:
    dependencies:
      node-addon-api: 8.3.1
      node-gyp-build: 4.8.4

  tree-sitter-typescript@0.23.2:
    dependencies:
      node-addon-api: 8.3.1
      node-gyp-build: 4.8.4
      tree-sitter-javascript: 0.23.1

  typescript@5.8.3: {}

  undici-types@6.21.0: {}

  unpipe@1.0.0: {}

  web-tree-sitter@0.25.6: {}

  zod@3.25.56: {}
